# This file is automatically @generated by Cargo.
# It is not intended for manual editing.
version = 3

[[package]]
name = "coption"
version = "0.1.0"
dependencies = [
 "self-rust-tokenize",
]

[[package]]
name = "cvec"
version = "0.1.0"
dependencies = [
 "coption",
 "quote",
 "self-rust-tokenize",
]

[[package]]
name = "either_n"
version = "0.2.0"
source = "registry+https://github.com/rust-lang/crates.io-index"
checksum = "4c91ae510829160d5cfb19eb4ae7b6e01d44b767ca8f727c6cee936e53cc9ae5"

[[package]]
name = "proc-macro2"
version = "1.0.66"
source = "registry+https://github.com/rust-lang/crates.io-index"
checksum = "18fb31db3f9bddb2ea821cde30a9f70117e3f119938b5ee630b7403aa6e2ead9"
dependencies = [
 "unicode-ident",
]

[[package]]
name = "quote"
version = "1.0.33"
source = "registry+https://github.com/rust-lang/crates.io-index"
checksum = "5267fca4496028628a95160fc423a33e8b2e6af8a5302579e322e4b520293cae"
dependencies = [
 "proc-macro2",
]

[[package]]
name = "self-rust-tokenize"
version = "0.3.3"
source = "registry+https://github.com/rust-lang/crates.io-index"
checksum = "235c30ffb76b003dc69cc556d0d5ab8bb561a40572b1710fd641c69a3d6c4078"
dependencies = [
 "proc-macro2",
 "quote",
 "self-rust-tokenize-derive",
]

[[package]]
name = "self-rust-tokenize-derive"
version = "0.3.3"
source = "registry+https://github.com/rust-lang/crates.io-index"
checksum = "9e075556adeec065f185a7811a9808f8523c1299aa7e318b3dd7d1eb72417f6b"
dependencies = [
 "syn",
 "syn-helpers",
]

[[package]]
name = "syn"
version = "1.0.109"
source = "registry+https://github.com/rust-lang/crates.io-index"
checksum = "72b64191b275b66ffe2469e8af2c1cfe3bafa67b529ead792a6d0160888b4237"
dependencies = [
 "proc-macro2",
 "quote",
 "unicode-ident",
]

[[package]]
name = "syn-helpers"
version = "0.4.4"
source = "registry+https://github.com/rust-lang/crates.io-index"
checksum = "872f211f0299a39fff932355b2e304ef0e95a486a8147244fa8d477c1b0acfce"
dependencies = [
 "either_n",
 "proc-macro2",
 "quote",
 "syn",
]

[[package]]
name = "unicode-ident"
version = "1.0.11"
source = "registry+https://github.com/rust-lang/crates.io-index"
checksum = "301abaae475aa91687eb82514b328ab47a211a533026cb25fc3e519b86adfc3c"
